
Microsoft Visual Studio Solution File, Format Version 12.00
# Visual Studio Version 17
VisualStudioVersion = 17.13.35931.197 d17.13
MinimumVisualStudioVersion = 10.0.40219.1
Project("{FAE04EC0-301F-11D3-BF4B-00C04F79EFBC}") = "SEB", "SEB.csproj", "{E704DF88-2A4E-4859-AB29-EC08CAF15480}"
EndProject
Global
	GlobalSection(SolutionConfigurationPlatforms) = preSolution
		Debug|Any CPU = Debug|Any CPU
		Release|Any CPU = Release|Any CPU
	EndGlobalSection
	GlobalSection(ProjectConfigurationPlatforms) = postSolution
		{E704DF88-2A4E-4859-AB29-EC08CAF15480}.Debug|Any CPU.ActiveCfg = Debug|Any CPU
		{E704DF88-2A4E-4859-AB29-EC08CAF15480}.Debug|Any CPU.Build.0 = Debug|Any CPU
		{E704DF88-2A4E-4859-AB29-EC08CAF15480}.Release|Any CPU.ActiveCfg = Release|Any CPU
		{E704DF88-2A4E-4859-AB29-EC08CAF15480}.Release|Any CPU.Build.0 = Release|Any CPU
	EndGlobalSection
	GlobalSection(SolutionProperties) = preSolution
		HideSolutionNode = FALSE
	EndGlobalSection
	GlobalSection(ExtensibilityGlobals) = postSolution
		SolutionGuid = {D377B140-45DB-401D-B6C8-7EBEBC7820E4}
	EndGlobalSection
EndGlobal
